// !$*UTF8*$!
{
	archiveVersion = 1;
	classes = {
	};
	objectVersion = 50;
	objects = {

/* Begin PBXBuildFile section */
		7D297EB22607F19000FEDACD /* AppDelegate.swift in Sources */ = {isa = PBXBuildFile; fileRef = 7D297EB12607F19000FEDACD /* AppDelegate.swift */; };
		7D297EB42607F19000FEDACD /* SceneDelegate.swift in Sources */ = {isa = PBXBuildFile; fileRef = 7D297EB32607F19000FEDACD /* SceneDelegate.swift */; };
		7D297EB62607F19000FEDACD /* ContentView.swift in Sources */ = {isa = PBXBuildFile; fileRef = 7D297EB52607F19000FEDACD /* ContentView.swift */; };
		7D297EB92607F19000FEDACD /* GreenForAllCoreDataUIKit.xcdatamodeld in Sources */ = {isa = PBXBuildFile; fileRef = 7D297EB72607F19000FEDACD /* GreenForAllCoreDataUIKit.xcdatamodeld */; };
		7D297EBB2607F19000FEDACD /* Assets.xcassets in Resources */ = {isa = PBXBuildFile; fileRef = 7D297EBA2607F19000FEDACD /* Assets.xcassets */; };
		7D297EBE2607F19000FEDACD /* Preview Assets.xcassets in Resources */ = {isa = PBXBuildFile; fileRef = 7D297EBD2607F19000FEDACD /* Preview Assets.xcassets */; };
		7D297EC12607F19000FEDACD /* LaunchScreen.storyboard in Resources */ = {isa = PBXBuildFile; fileRef = 7D297EBF2607F19000FEDACD /* LaunchScreen.storyboard */; };
		7D297ED22607F37900FEDACD /* ProjectListView.swift in Sources */ = {isa = PBXBuildFile; fileRef = 7D297ED12607F37900FEDACD /* ProjectListView.swift */; };
		7D297ED52607F3C300FEDACD /* ProjectRow.swift in Sources */ = {isa = PBXBuildFile; fileRef = 7D297ED42607F3C300FEDACD /* ProjectRow.swift */; };
		7D297ED82607F5A200FEDACD /* CategoryProject.swift in Sources */ = {isa = PBXBuildFile; fileRef = 7D297ED72607F5A200FEDACD /* CategoryProject.swift */; };
		7D297EDC2607F83200FEDACD /* ProgressBar.swift in Sources */ = {isa = PBXBuildFile; fileRef = 7D297EDB2607F83200FEDACD /* ProgressBar.swift */; };
		7D297EE42608049300FEDACD /* SearchBar.swift in Sources */ = {isa = PBXBuildFile; fileRef = 7D297EE32608049300FEDACD /* SearchBar.swift */; };
		7D297EE72608052500FEDACD /* ProjectDetailView.swift in Sources */ = {isa = PBXBuildFile; fileRef = 7D297EE62608052500FEDACD /* ProjectDetailView.swift */; };
		7D5FC7002608B2ED00F28C72 /* CategorySegmentedControl.swift in Sources */ = {isa = PBXBuildFile; fileRef = 7D5FC6FF2608B2ED00F28C72 /* CategorySegmentedControl.swift */; };
		7D6452FC2609E80100C37C56 /* Contribution+CoreDataClass.swift in Sources */ = {isa = PBXBuildFile; fileRef = 7D6452F62609E80100C37C56 /* Contribution+CoreDataClass.swift */; };
		7D6452FD2609E80100C37C56 /* Contribution+CoreDataProperties.swift in Sources */ = {isa = PBXBuildFile; fileRef = 7D6452F72609E80100C37C56 /* Contribution+CoreDataProperties.swift */; };
		7D6452FE2609E80100C37C56 /* User+CoreDataClass.swift in Sources */ = {isa = PBXBuildFile; fileRef = 7D6452F82609E80100C37C56 /* User+CoreDataClass.swift */; };
		7D6452FF2609E80100C37C56 /* User+CoreDataProperties.swift in Sources */ = {isa = PBXBuildFile; fileRef = 7D6452F92609E80100C37C56 /* User+CoreDataProperties.swift */; };
		7D6453002609E80100C37C56 /* Project+CoreDataClass.swift in Sources */ = {isa = PBXBuildFile; fileRef = 7D6452FA2609E80100C37C56 /* Project+CoreDataClass.swift */; };
		7D6453012609E80100C37C56 /* Project+CoreDataProperties.swift in Sources */ = {isa = PBXBuildFile; fileRef = 7D6452FB2609E80100C37C56 /* Project+CoreDataProperties.swift */; };
		7D6453122609F75800C37C56 /* CurrentUser.swift in Sources */ = {isa = PBXBuildFile; fileRef = 7D6453112609F75800C37C56 /* CurrentUser.swift */; };
		7D88B23E26095C6C0066E419 /* ContributionView.swift in Sources */ = {isa = PBXBuildFile; fileRef = 7D88B23D26095C6C0066E419 /* ContributionView.swift */; };
		7D895632260A3514009466D5 /* ProfilView.swift in Sources */ = {isa = PBXBuildFile; fileRef = 7D89562C260A3514009466D5 /* ProfilView.swift */; };
		7D895633260A3514009466D5 /* Profil.swift in Sources */ = {isa = PBXBuildFile; fileRef = 7D89562D260A3514009466D5 /* Profil.swift */; };
		7D895634260A3514009466D5 /* ProfilConnexion.swift in Sources */ = {isa = PBXBuildFile; fileRef = 7D89562E260A3514009466D5 /* ProfilConnexion.swift */; };
		7D895635260A3514009466D5 /* ProfilPresentation.swift in Sources */ = {isa = PBXBuildFile; fileRef = 7D89562F260A3514009466D5 /* ProfilPresentation.swift */; };
		7D895636260A3514009466D5 /* ProfilCreate.swift in Sources */ = {isa = PBXBuildFile; fileRef = 7D895630260A3514009466D5 /* ProfilCreate.swift */; };
		7D89564B260A353F009466D5 /* TabBar.swift in Sources */ = {isa = PBXBuildFile; fileRef = 7D895643260A353F009466D5 /* TabBar.swift */; };
		7D8956CE260A487B009466D5 /* CategoDummieData.swift in Sources */ = {isa = PBXBuildFile; fileRef = 7D8956AB260A487B009466D5 /* CategoDummieData.swift */; };
		7D8956CF260A487B009466D5 /* GuideModel.swift in Sources */ = {isa = PBXBuildFile; fileRef = 7D8956AC260A487B009466D5 /* GuideModel.swift */; };
		7D8956D0260A487B009466D5 /* DetailOfDetail.swift in Sources */ = {isa = PBXBuildFile; fileRef = 7D8956AE260A487B009466D5 /* DetailOfDetail.swift */; };
		7D8956D1260A487B009466D5 /* GuideFirstPage.swift in Sources */ = {isa = PBXBuildFile; fileRef = 7D8956AF260A487B009466D5 /* GuideFirstPage.swift */; };
		7D8956D2260A487B009466D5 /* CardRow.swift in Sources */ = {isa = PBXBuildFile; fileRef = 7D8956B0260A487B009466D5 /* CardRow.swift */; };
		7D8956D3260A487B009466D5 /* GuideDetail1.swift in Sources */ = {isa = PBXBuildFile; fileRef = 7D8956B1260A487B009466D5 /* GuideDetail1.swift */; };
		7DDAAF0B26080D7C004AF65F /* CreateProjectView.swift in Sources */ = {isa = PBXBuildFile; fileRef = 7DDAAF0A26080D7C004AF65F /* CreateProjectView.swift */; };
		BFF390A3260AA575006AFCB5 /* LoadDataFile.swift in Sources */ = {isa = PBXBuildFile; fileRef = BFF3907D260AA575006AFCB5 /* LoadDataFile.swift */; };
		BFF390A4260AA575006AFCB5 /* SearchBarYoko.swift in Sources */ = {isa = PBXBuildFile; fileRef = BFF3907F260AA575006AFCB5 /* SearchBarYoko.swift */; };
		BFF390A5260AA575006AFCB5 /* FavoriteButton.swift in Sources */ = {isa = PBXBuildFile; fileRef = BFF39080260AA575006AFCB5 /* FavoriteButton.swift */; };
		BFF390A6260AA575006AFCB5 /* Color.swift in Sources */ = {isa = PBXBuildFile; fileRef = BFF39081260AA575006AFCB5 /* Color.swift */; };
		BFF390A7260AA575006AFCB5 /* MarketDetail.swift in Sources */ = {isa = PBXBuildFile; fileRef = BFF39083260AA575006AFCB5 /* MarketDetail.swift */; };
		BFF390A8260AA575006AFCB5 /* MarketList.swift in Sources */ = {isa = PBXBuildFile; fileRef = BFF39084260AA575006AFCB5 /* MarketList.swift */; };
		BFF390A9260AA575006AFCB5 /* CombineURLSessionStockPrice.swift in Sources */ = {isa = PBXBuildFile; fileRef = BFF39085260AA575006AFCB5 /* CombineURLSessionStockPrice.swift */; };
		BFF390AA260AA575006AFCB5 /* SwiftUILineView.swift in Sources */ = {isa = PBXBuildFile; fileRef = BFF39087260AA575006AFCB5 /* SwiftUILineView.swift */; };
		BFF390AB260AA575006AFCB5 /* SwiftUILine.swift in Sources */ = {isa = PBXBuildFile; fileRef = BFF39088260AA575006AFCB5 /* SwiftUILine.swift */; };
		BFF390AC260AA575006AFCB5 /* SwiftUIPathLinechart.swift in Sources */ = {isa = PBXBuildFile; fileRef = BFF39089260AA575006AFCB5 /* SwiftUIPathLinechart.swift */; };
		BFF390AD260AA575006AFCB5 /* Bundle_Decodable.swift in Sources */ = {isa = PBXBuildFile; fileRef = BFF3908A260AA575006AFCB5 /* Bundle_Decodable.swift */; };
		BFF390AE260AA575006AFCB5 /* CombineJSONStockPrice.swift in Sources */ = {isa = PBXBuildFile; fileRef = BFF3908C260AA575006AFCB5 /* CombineJSONStockPrice.swift */; };
		BFF390AF260AA575006AFCB5 /* MarketDetailJson.swift in Sources */ = {isa = PBXBuildFile; fileRef = BFF3908D260AA575006AFCB5 /* MarketDetailJson.swift */; };
		BFF390B0260AA575006AFCB5 /* MarketListJson.swift in Sources */ = {isa = PBXBuildFile; fileRef = BFF3908E260AA575006AFCB5 /* MarketListJson.swift */; };
		BFF390B1260AA575006AFCB5 /* TestView.swift in Sources */ = {isa = PBXBuildFile; fileRef = BFF3908F260AA575006AFCB5 /* TestView.swift */; };
		BFF390B2260AA575006AFCB5 /* MarketAssetDataList.swift in Sources */ = {isa = PBXBuildFile; fileRef = BFF39091260AA575006AFCB5 /* MarketAssetDataList.swift */; };
		BFF390B3260AA575006AFCB5 /* MarketAssetDataDetailView.swift in Sources */ = {isa = PBXBuildFile; fileRef = BFF39092260AA575006AFCB5 /* MarketAssetDataDetailView.swift */; };
		BFF390B4260AA575006AFCB5 /* Market.swift in Sources */ = {isa = PBXBuildFile; fileRef = BFF39093260AA575006AFCB5 /* Market.swift */; };
		BFF390B5260AA575006AFCB5 /* AAPL2021-03-22.json in Resources */ = {isa = PBXBuildFile; fileRef = BFF39095260AA575006AFCB5 /* AAPL2021-03-22.json */; };
		BFF390B6260AA575006AFCB5 /* QCLN2021-03-22.json in Resources */ = {isa = PBXBuildFile; fileRef = BFF39096260AA575006AFCB5 /* QCLN2021-03-22.json */; };
		BFF390B7260AA575006AFCB5 /* MGGAX2021-03-22.json in Resources */ = {isa = PBXBuildFile; fileRef = BFF39097260AA575006AFCB5 /* MGGAX2021-03-22.json */; };
		BFF390B8260AA575006AFCB5 /* GRNB2021-03-22.json in Resources */ = {isa = PBXBuildFile; fileRef = BFF39098260AA575006AFCB5 /* GRNB2021-03-22.json */; };
		BFF390B9260AA575006AFCB5 /* IBM2021-03-22.json in Resources */ = {isa = PBXBuildFile; fileRef = BFF39099260AA575006AFCB5 /* IBM2021-03-22.json */; };
		BFF390BA260AA575006AFCB5 /* PBW2021-03-22.json in Resources */ = {isa = PBXBuildFile; fileRef = BFF3909A260AA575006AFCB5 /* PBW2021-03-22.json */; };
		BFF390BB260AA575006AFCB5 /* MSFT2021-03-22.json in Resources */ = {isa = PBXBuildFile; fileRef = BFF3909B260AA575006AFCB5 /* MSFT2021-03-22.json */; };
		BFF390BC260AA575006AFCB5 /* BGRN2021-03-22.json in Resources */ = {isa = PBXBuildFile; fileRef = BFF3909C260AA575006AFCB5 /* BGRN2021-03-22.json */; };
		BFF390BD260AA575006AFCB5 /* CGAFX2021-03-22.json in Resources */ = {isa = PBXBuildFile; fileRef = BFF3909D260AA575006AFCB5 /* CGAFX2021-03-22.json */; };
		BFF390BE260AA575006AFCB5 /* File.swift in Sources */ = {isa = PBXBuildFile; fileRef = BFF3909E260AA575006AFCB5 /* File.swift */; };
		BFF390BF260AA575006AFCB5 /* StocksAPIModel.swift in Sources */ = {isa = PBXBuildFile; fileRef = BFF390A0260AA575006AFCB5 /* StocksAPIModel.swift */; };
		BFF390C0260AA575006AFCB5 /* IQQH.DE2021-03-22.json in Resources */ = {isa = PBXBuildFile; fileRef = BFF390A1260AA575006AFCB5 /* IQQH.DE2021-03-22.json */; };
		BFF390C1260AA575006AFCB5 /* MarketModel.swift in Sources */ = {isa = PBXBuildFile; fileRef = BFF390A2260AA575006AFCB5 /* MarketModel.swift */; };
/* End PBXBuildFile section */

/* Begin PBXFileReference section */
		7D297EAE2607F19000FEDACD /* GreenForAllCoreDataUIKit.app */ = {isa = PBXFileReference; explicitFileType = wrapper.application; includeInIndex = 0; path = GreenForAllCoreDataUIKit.app; sourceTree = BUILT_PRODUCTS_DIR; };
		7D297EB12607F19000FEDACD /* AppDelegate.swift */ = {isa = PBXFileReference; lastKnownFileType = sourcecode.swift; path = AppDelegate.swift; sourceTree = "<group>"; };
		7D297EB32607F19000FEDACD /* SceneDelegate.swift */ = {isa = PBXFileReference; lastKnownFileType = sourcecode.swift; path = SceneDelegate.swift; sourceTree = "<group>"; };
		7D297EB52607F19000FEDACD /* ContentView.swift */ = {isa = PBXFileReference; lastKnownFileType = sourcecode.swift; path = ContentView.swift; sourceTree = "<group>"; };
		7D297EB82607F19000FEDACD /* GreenForAllCoreDataUIKit.xcdatamodel */ = {isa = PBXFileReference; lastKnownFileType = wrapper.xcdatamodel; path = GreenForAllCoreDataUIKit.xcdatamodel; sourceTree = "<group>"; };
		7D297EBA2607F19000FEDACD /* Assets.xcassets */ = {isa = PBXFileReference; lastKnownFileType = folder.assetcatalog; path = Assets.xcassets; sourceTree = "<group>"; };
		7D297EBD2607F19000FEDACD /* Preview Assets.xcassets */ = {isa = PBXFileReference; lastKnownFileType = folder.assetcatalog; path = "Preview Assets.xcassets"; sourceTree = "<group>"; };
		7D297EC02607F19000FEDACD /* Base */ = {isa = PBXFileReference; lastKnownFileType = file.storyboard; name = Base; path = Base.lproj/LaunchScreen.storyboard; sourceTree = "<group>"; };
		7D297EC22607F19000FEDACD /* Info.plist */ = {isa = PBXFileReference; lastKnownFileType = text.plist.xml; path = Info.plist; sourceTree = "<group>"; };
		7D297ED12607F37900FEDACD /* ProjectListView.swift */ = {isa = PBXFileReference; lastKnownFileType = sourcecode.swift; path = ProjectListView.swift; sourceTree = "<group>"; };
		7D297ED42607F3C300FEDACD /* ProjectRow.swift */ = {isa = PBXFileReference; lastKnownFileType = sourcecode.swift; path = ProjectRow.swift; sourceTree = "<group>"; };
		7D297ED72607F5A200FEDACD /* CategoryProject.swift */ = {isa = PBXFileReference; lastKnownFileType = sourcecode.swift; path = CategoryProject.swift; sourceTree = "<group>"; };
		7D297EDB2607F83200FEDACD /* ProgressBar.swift */ = {isa = PBXFileReference; fileEncoding = 4; lastKnownFileType = sourcecode.swift; path = ProgressBar.swift; sourceTree = "<group>"; };
		7D297EE32608049300FEDACD /* SearchBar.swift */ = {isa = PBXFileReference; fileEncoding = 4; lastKnownFileType = sourcecode.swift; path = SearchBar.swift; sourceTree = "<group>"; };
		7D297EE62608052500FEDACD /* ProjectDetailView.swift */ = {isa = PBXFileReference; fileEncoding = 4; lastKnownFileType = sourcecode.swift; path = ProjectDetailView.swift; sourceTree = "<group>"; };
		7D5FC6FF2608B2ED00F28C72 /* CategorySegmentedControl.swift */ = {isa = PBXFileReference; lastKnownFileType = sourcecode.swift; path = CategorySegmentedControl.swift; sourceTree = "<group>"; };
		7D6452F62609E80100C37C56 /* Contribution+CoreDataClass.swift */ = {isa = PBXFileReference; lastKnownFileType = sourcecode.swift; path = "Contribution+CoreDataClass.swift"; sourceTree = "<group>"; };
		7D6452F72609E80100C37C56 /* Contribution+CoreDataProperties.swift */ = {isa = PBXFileReference; lastKnownFileType = sourcecode.swift; path = "Contribution+CoreDataProperties.swift"; sourceTree = "<group>"; };
		7D6452F82609E80100C37C56 /* User+CoreDataClass.swift */ = {isa = PBXFileReference; lastKnownFileType = sourcecode.swift; path = "User+CoreDataClass.swift"; sourceTree = "<group>"; };
		7D6452F92609E80100C37C56 /* User+CoreDataProperties.swift */ = {isa = PBXFileReference; lastKnownFileType = sourcecode.swift; path = "User+CoreDataProperties.swift"; sourceTree = "<group>"; };
		7D6452FA2609E80100C37C56 /* Project+CoreDataClass.swift */ = {isa = PBXFileReference; lastKnownFileType = sourcecode.swift; path = "Project+CoreDataClass.swift"; sourceTree = "<group>"; };
		7D6452FB2609E80100C37C56 /* Project+CoreDataProperties.swift */ = {isa = PBXFileReference; lastKnownFileType = sourcecode.swift; path = "Project+CoreDataProperties.swift"; sourceTree = "<group>"; };
		7D6453112609F75800C37C56 /* CurrentUser.swift */ = {isa = PBXFileReference; lastKnownFileType = sourcecode.swift; path = CurrentUser.swift; sourceTree = "<group>"; };
		7D88B23D26095C6C0066E419 /* ContributionView.swift */ = {isa = PBXFileReference; lastKnownFileType = sourcecode.swift; path = ContributionView.swift; sourceTree = "<group>"; };
		7D89562C260A3514009466D5 /* ProfilView.swift */ = {isa = PBXFileReference; fileEncoding = 4; lastKnownFileType = sourcecode.swift; path = ProfilView.swift; sourceTree = "<group>"; };
		7D89562D260A3514009466D5 /* Profil.swift */ = {isa = PBXFileReference; fileEncoding = 4; lastKnownFileType = sourcecode.swift; path = Profil.swift; sourceTree = "<group>"; };
		7D89562E260A3514009466D5 /* ProfilConnexion.swift */ = {isa = PBXFileReference; fileEncoding = 4; lastKnownFileType = sourcecode.swift; path = ProfilConnexion.swift; sourceTree = "<group>"; };
		7D89562F260A3514009466D5 /* ProfilPresentation.swift */ = {isa = PBXFileReference; fileEncoding = 4; lastKnownFileType = sourcecode.swift; path = ProfilPresentation.swift; sourceTree = "<group>"; };
		7D895630260A3514009466D5 /* ProfilCreate.swift */ = {isa = PBXFileReference; fileEncoding = 4; lastKnownFileType = sourcecode.swift; path = ProfilCreate.swift; sourceTree = "<group>"; };
		7D895643260A353F009466D5 /* TabBar.swift */ = {isa = PBXFileReference; fileEncoding = 4; lastKnownFileType = sourcecode.swift; path = TabBar.swift; sourceTree = "<group>"; };
		7D8956AB260A487B009466D5 /* CategoDummieData.swift */ = {isa = PBXFileReference; fileEncoding = 4; lastKnownFileType = sourcecode.swift; path = CategoDummieData.swift; sourceTree = "<group>"; };
		7D8956AC260A487B009466D5 /* GuideModel.swift */ = {isa = PBXFileReference; fileEncoding = 4; lastKnownFileType = sourcecode.swift; path = GuideModel.swift; sourceTree = "<group>"; };
		7D8956AE260A487B009466D5 /* DetailOfDetail.swift */ = {isa = PBXFileReference; fileEncoding = 4; lastKnownFileType = sourcecode.swift; path = DetailOfDetail.swift; sourceTree = "<group>"; };
		7D8956AF260A487B009466D5 /* GuideFirstPage.swift */ = {isa = PBXFileReference; fileEncoding = 4; lastKnownFileType = sourcecode.swift; path = GuideFirstPage.swift; sourceTree = "<group>"; };
		7D8956B0260A487B009466D5 /* CardRow.swift */ = {isa = PBXFileReference; fileEncoding = 4; lastKnownFileType = sourcecode.swift; path = CardRow.swift; sourceTree = "<group>"; };
		7D8956B1260A487B009466D5 /* GuideDetail1.swift */ = {isa = PBXFileReference; fileEncoding = 4; lastKnownFileType = sourcecode.swift; path = GuideDetail1.swift; sourceTree = "<group>"; };
		7DDAAF0A26080D7C004AF65F /* CreateProjectView.swift */ = {isa = PBXFileReference; lastKnownFileType = sourcecode.swift; path = CreateProjectView.swift; sourceTree = "<group>"; };
		BFF3907D260AA575006AFCB5 /* LoadDataFile.swift */ = {isa = PBXFileReference; fileEncoding = 4; lastKnownFileType = sourcecode.swift; path = LoadDataFile.swift; sourceTree = "<group>"; };
		BFF3907F260AA575006AFCB5 /* SearchBarYoko.swift */ = {isa = PBXFileReference; fileEncoding = 4; lastKnownFileType = sourcecode.swift; path = SearchBarYoko.swift; sourceTree = "<group>"; };
		BFF39080260AA575006AFCB5 /* FavoriteButton.swift */ = {isa = PBXFileReference; fileEncoding = 4; lastKnownFileType = sourcecode.swift; path = FavoriteButton.swift; sourceTree = "<group>"; };
		BFF39081260AA575006AFCB5 /* Color.swift */ = {isa = PBXFileReference; fileEncoding = 4; lastKnownFileType = sourcecode.swift; path = Color.swift; sourceTree = "<group>"; };
		BFF39083260AA575006AFCB5 /* MarketDetail.swift */ = {isa = PBXFileReference; fileEncoding = 4; lastKnownFileType = sourcecode.swift; path = MarketDetail.swift; sourceTree = "<group>"; };
		BFF39084260AA575006AFCB5 /* MarketList.swift */ = {isa = PBXFileReference; fileEncoding = 4; lastKnownFileType = sourcecode.swift; path = MarketList.swift; sourceTree = "<group>"; };
		BFF39085260AA575006AFCB5 /* CombineURLSessionStockPrice.swift */ = {isa = PBXFileReference; fileEncoding = 4; lastKnownFileType = sourcecode.swift; path = CombineURLSessionStockPrice.swift; sourceTree = "<group>"; };
		BFF39087260AA575006AFCB5 /* SwiftUILineView.swift */ = {isa = PBXFileReference; fileEncoding = 4; lastKnownFileType = sourcecode.swift; path = SwiftUILineView.swift; sourceTree = "<group>"; };
		BFF39088260AA575006AFCB5 /* SwiftUILine.swift */ = {isa = PBXFileReference; fileEncoding = 4; lastKnownFileType = sourcecode.swift; path = SwiftUILine.swift; sourceTree = "<group>"; };
		BFF39089260AA575006AFCB5 /* SwiftUIPathLinechart.swift */ = {isa = PBXFileReference; fileEncoding = 4; lastKnownFileType = sourcecode.swift; path = SwiftUIPathLinechart.swift; sourceTree = "<group>"; };
		BFF3908A260AA575006AFCB5 /* Bundle_Decodable.swift */ = {isa = PBXFileReference; fileEncoding = 4; lastKnownFileType = sourcecode.swift; path = Bundle_Decodable.swift; sourceTree = "<group>"; };
		BFF3908C260AA575006AFCB5 /* CombineJSONStockPrice.swift */ = {isa = PBXFileReference; fileEncoding = 4; lastKnownFileType = sourcecode.swift; path = CombineJSONStockPrice.swift; sourceTree = "<group>"; };
		BFF3908D260AA575006AFCB5 /* MarketDetailJson.swift */ = {isa = PBXFileReference; fileEncoding = 4; lastKnownFileType = sourcecode.swift; path = MarketDetailJson.swift; sourceTree = "<group>"; };
		BFF3908E260AA575006AFCB5 /* MarketListJson.swift */ = {isa = PBXFileReference; fileEncoding = 4; lastKnownFileType = sourcecode.swift; path = MarketListJson.swift; sourceTree = "<group>"; };
		BFF3908F260AA575006AFCB5 /* TestView.swift */ = {isa = PBXFileReference; fileEncoding = 4; lastKnownFileType = sourcecode.swift; path = TestView.swift; sourceTree = "<group>"; };
		BFF39091260AA575006AFCB5 /* MarketAssetDataList.swift */ = {isa = PBXFileReference; fileEncoding = 4; lastKnownFileType = sourcecode.swift; path = MarketAssetDataList.swift; sourceTree = "<group>"; };
		BFF39092260AA575006AFCB5 /* MarketAssetDataDetailView.swift */ = {isa = PBXFileReference; fileEncoding = 4; lastKnownFileType = sourcecode.swift; path = MarketAssetDataDetailView.swift; sourceTree = "<group>"; };
		BFF39093260AA575006AFCB5 /* Market.swift */ = {isa = PBXFileReference; fileEncoding = 4; lastKnownFileType = sourcecode.swift; path = Market.swift; sourceTree = "<group>"; };
		BFF39095260AA575006AFCB5 /* AAPL2021-03-22.json */ = {isa = PBXFileReference; fileEncoding = 4; lastKnownFileType = text.json; path = "AAPL2021-03-22.json"; sourceTree = "<group>"; };
		BFF39096260AA575006AFCB5 /* QCLN2021-03-22.json */ = {isa = PBXFileReference; fileEncoding = 4; lastKnownFileType = text.json; path = "QCLN2021-03-22.json"; sourceTree = "<group>"; };
		BFF39097260AA575006AFCB5 /* MGGAX2021-03-22.json */ = {isa = PBXFileReference; fileEncoding = 4; lastKnownFileType = text.json; path = "MGGAX2021-03-22.json"; sourceTree = "<group>"; };
		BFF39098260AA575006AFCB5 /* GRNB2021-03-22.json */ = {isa = PBXFileReference; fileEncoding = 4; lastKnownFileType = text.json; path = "GRNB2021-03-22.json"; sourceTree = "<group>"; };
		BFF39099260AA575006AFCB5 /* IBM2021-03-22.json */ = {isa = PBXFileReference; fileEncoding = 4; lastKnownFileType = text.json; path = "IBM2021-03-22.json"; sourceTree = "<group>"; };
		BFF3909A260AA575006AFCB5 /* PBW2021-03-22.json */ = {isa = PBXFileReference; fileEncoding = 4; lastKnownFileType = text.json; path = "PBW2021-03-22.json"; sourceTree = "<group>"; };
		BFF3909B260AA575006AFCB5 /* MSFT2021-03-22.json */ = {isa = PBXFileReference; fileEncoding = 4; lastKnownFileType = text.json; path = "MSFT2021-03-22.json"; sourceTree = "<group>"; };
		BFF3909C260AA575006AFCB5 /* BGRN2021-03-22.json */ = {isa = PBXFileReference; fileEncoding = 4; lastKnownFileType = text.json; path = "BGRN2021-03-22.json"; sourceTree = "<group>"; };
		BFF3909D260AA575006AFCB5 /* CGAFX2021-03-22.json */ = {isa = PBXFileReference; fileEncoding = 4; lastKnownFileType = text.json; path = "CGAFX2021-03-22.json"; sourceTree = "<group>"; };
		BFF3909E260AA575006AFCB5 /* File.swift */ = {isa = PBXFileReference; fileEncoding = 4; lastKnownFileType = sourcecode.swift; path = File.swift; sourceTree = "<group>"; };
		BFF390A0260AA575006AFCB5 /* StocksAPIModel.swift */ = {isa = PBXFileReference; fileEncoding = 4; lastKnownFileType = sourcecode.swift; path = StocksAPIModel.swift; sourceTree = "<group>"; };
		BFF390A1260AA575006AFCB5 /* IQQH.DE2021-03-22.json */ = {isa = PBXFileReference; fileEncoding = 4; lastKnownFileType = text.json; path = "IQQH.DE2021-03-22.json"; sourceTree = "<group>"; };
		BFF390A2260AA575006AFCB5 /* MarketModel.swift */ = {isa = PBXFileReference; fileEncoding = 4; lastKnownFileType = sourcecode.swift; path = MarketModel.swift; sourceTree = "<group>"; };
/* End PBXFileReference section */

/* Begin PBXFrameworksBuildPhase section */
		7D297EAB2607F19000FEDACD /* Frameworks */ = {
			isa = PBXFrameworksBuildPhase;
			buildActionMask = 2147483647;
			files = (
			);
			runOnlyForDeploymentPostprocessing = 0;
		};
/* End PBXFrameworksBuildPhase section */

/* Begin PBXGroup section */
		7D297EA52607F18F00FEDACD = {
			isa = PBXGroup;
			children = (
				7D297EB02607F19000FEDACD /* GreenForAllCoreDataUIKit */,
				7D297EAF2607F19000FEDACD /* Products */,
			);
			sourceTree = "<group>";
		};
		7D297EAF2607F19000FEDACD /* Products */ = {
			isa = PBXGroup;
			children = (
				7D297EAE2607F19000FEDACD /* GreenForAllCoreDataUIKit.app */,
			);
			name = Products;
			sourceTree = "<group>";
		};
		7D297EB02607F19000FEDACD /* GreenForAllCoreDataUIKit */ = {
			isa = PBXGroup;
			children = (
				BFF3907C260AA575006AFCB5 /* Market */,
				7D8956A9260A487B009466D5 /* Guide */,
				7D895642260A353F009466D5 /* TabBar */,
				7D89562B260A3514009466D5 /* Profil */,
				7D88B24D260973950066E419 /* Contributions */,
				7D5714D126094ACE00F8BB95 /* Users */,
				7D297ECF2607F2E900FEDACD /* Projects */,
				7D297EB12607F19000FEDACD /* AppDelegate.swift */,
				7D297EB32607F19000FEDACD /* SceneDelegate.swift */,
				7D297EB52607F19000FEDACD /* ContentView.swift */,
				7D297EDA2607F76200FEDACD /* Components */,
				7D297EBA2607F19000FEDACD /* Assets.xcassets */,
				7D297EBF2607F19000FEDACD /* LaunchScreen.storyboard */,
				7D297EC22607F19000FEDACD /* Info.plist */,
				7D297EB72607F19000FEDACD /* GreenForAllCoreDataUIKit.xcdatamodeld */,
				7D297EBC2607F19000FEDACD /* Preview Content */,
			);
			path = GreenForAllCoreDataUIKit;
			sourceTree = "<group>";
		};
		7D297EBC2607F19000FEDACD /* Preview Content */ = {
			isa = PBXGroup;
			children = (
				7D297EBD2607F19000FEDACD /* Preview Assets.xcassets */,
			);
			path = "Preview Content";
			sourceTree = "<group>";
		};
		7D297ECF2607F2E900FEDACD /* Projects */ = {
			isa = PBXGroup;
			children = (
				7D297EDF2607F87C00FEDACD /* views */,
				7D297EDE2607F86700FEDACD /* models */,
			);
			path = Projects;
			sourceTree = "<group>";
		};
		7D297EDA2607F76200FEDACD /* Components */ = {
			isa = PBXGroup;
			children = (
				7D5FC6FF2608B2ED00F28C72 /* CategorySegmentedControl.swift */,
				7D297EE32608049300FEDACD /* SearchBar.swift */,
				7D297EDB2607F83200FEDACD /* ProgressBar.swift */,
			);
			path = Components;
			sourceTree = "<group>";
		};
		7D297EDE2607F86700FEDACD /* models */ = {
			isa = PBXGroup;
			children = (
				7D6452FA2609E80100C37C56 /* Project+CoreDataClass.swift */,
				7D6452FB2609E80100C37C56 /* Project+CoreDataProperties.swift */,
				7D297ED72607F5A200FEDACD /* CategoryProject.swift */,
			);
			path = models;
			sourceTree = "<group>";
		};
		7D297EDF2607F87C00FEDACD /* views */ = {
			isa = PBXGroup;
			children = (
				7D297EE62608052500FEDACD /* ProjectDetailView.swift */,
				7D297ED12607F37900FEDACD /* ProjectListView.swift */,
				7DDAAF0A26080D7C004AF65F /* CreateProjectView.swift */,
				7D297ED42607F3C300FEDACD /* ProjectRow.swift */,
			);
			path = views;
			sourceTree = "<group>";
		};
		7D5714D126094ACE00F8BB95 /* Users */ = {
			isa = PBXGroup;
			children = (
				7D6453112609F75800C37C56 /* CurrentUser.swift */,
				7D88B24C260973710066E419 /* views */,
				7D88B24B2609735B0066E419 /* models */,
			);
			path = Users;
			sourceTree = "<group>";
		};
		7D88B24B2609735B0066E419 /* models */ = {
			isa = PBXGroup;
			children = (
				7D6452F82609E80100C37C56 /* User+CoreDataClass.swift */,
				7D6452F92609E80100C37C56 /* User+CoreDataProperties.swift */,
			);
			path = models;
			sourceTree = "<group>";
		};
		7D88B24C260973710066E419 /* views */ = {
			isa = PBXGroup;
			children = (
			);
			path = views;
			sourceTree = "<group>";
		};
		7D88B24D260973950066E419 /* Contributions */ = {
			isa = PBXGroup;
			children = (
				7D88B26B260976E60066E419 /* views */,
				7D88B26A260976DF0066E419 /* models */,
			);
			path = Contributions;
			sourceTree = "<group>";
		};
		7D88B26A260976DF0066E419 /* models */ = {
			isa = PBXGroup;
			children = (
				7D6452F62609E80100C37C56 /* Contribution+CoreDataClass.swift */,
				7D6452F72609E80100C37C56 /* Contribution+CoreDataProperties.swift */,
			);
			path = models;
			sourceTree = "<group>";
		};
		7D88B26B260976E60066E419 /* views */ = {
			isa = PBXGroup;
			children = (
				7D88B23D26095C6C0066E419 /* ContributionView.swift */,
			);
			path = views;
			sourceTree = "<group>";
		};
		7D89562B260A3514009466D5 /* Profil */ = {
			isa = PBXGroup;
			children = (
				7D89562C260A3514009466D5 /* ProfilView.swift */,
				7D89562D260A3514009466D5 /* Profil.swift */,
				7D89562E260A3514009466D5 /* ProfilConnexion.swift */,
				7D89562F260A3514009466D5 /* ProfilPresentation.swift */,
				7D895630260A3514009466D5 /* ProfilCreate.swift */,
			);
			path = Profil;
			sourceTree = "<group>";
		};
		7D895642260A353F009466D5 /* TabBar */ = {
			isa = PBXGroup;
			children = (
				7D895643260A353F009466D5 /* TabBar.swift */,
			);
			path = TabBar;
			sourceTree = "<group>";
		};
		7D8956A9260A487B009466D5 /* Guide */ = {
			isa = PBXGroup;
			children = (
				7D8956AA260A487B009466D5 /* Model */,
				7D8956AD260A487B009466D5 /* View */,
			);
			path = Guide;
			sourceTree = "<group>";
		};
		7D8956AA260A487B009466D5 /* Model */ = {
			isa = PBXGroup;
			children = (
				7D8956AB260A487B009466D5 /* CategoDummieData.swift */,
				7D8956AC260A487B009466D5 /* GuideModel.swift */,
			);
			path = Model;
			sourceTree = "<group>";
		};
		7D8956AD260A487B009466D5 /* View */ = {
			isa = PBXGroup;
			children = (
				7D8956AE260A487B009466D5 /* DetailOfDetail.swift */,
				7D8956AF260A487B009466D5 /* GuideFirstPage.swift */,
				7D8956B0260A487B009466D5 /* CardRow.swift */,
				7D8956B1260A487B009466D5 /* GuideDetail1.swift */,
			);
			path = View;
			sourceTree = "<group>";
		};
		BFF3907C260AA575006AFCB5 /* Market */ = {
			isa = PBXGroup;
			children = (
				BFF3907D260AA575006AFCB5 /* LoadDataFile.swift */,
				BFF3907E260AA575006AFCB5 /* tools */,
				BFF39082260AA575006AFCB5 /* ViewAPI */,
				BFF39086260AA575006AFCB5 /* graph */,
				BFF3908A260AA575006AFCB5 /* Bundle_Decodable.swift */,
				BFF3908B260AA575006AFCB5 /* ViewJSON */,
				BFF3908F260AA575006AFCB5 /* TestView.swift */,
				BFF39090260AA575006AFCB5 /* oldView */,
				BFF39094260AA575006AFCB5 /* json */,
				BFF3909F260AA575006AFCB5 /* Model */,
			);
			path = Market;
			sourceTree = "<group>";
		};
		BFF3907E260AA575006AFCB5 /* tools */ = {
			isa = PBXGroup;
			children = (
				BFF3907F260AA575006AFCB5 /* SearchBarYoko.swift */,
				BFF39080260AA575006AFCB5 /* FavoriteButton.swift */,
				BFF39081260AA575006AFCB5 /* Color.swift */,
			);
			path = tools;
			sourceTree = "<group>";
		};
		BFF39082260AA575006AFCB5 /* ViewAPI */ = {
			isa = PBXGroup;
			children = (
				BFF39083260AA575006AFCB5 /* MarketDetail.swift */,
				BFF39084260AA575006AFCB5 /* MarketList.swift */,
				BFF39085260AA575006AFCB5 /* CombineURLSessionStockPrice.swift */,
			);
			path = ViewAPI;
			sourceTree = "<group>";
		};
		BFF39086260AA575006AFCB5 /* graph */ = {
			isa = PBXGroup;
			children = (
				BFF39087260AA575006AFCB5 /* SwiftUILineView.swift */,
				BFF39088260AA575006AFCB5 /* SwiftUILine.swift */,
				BFF39089260AA575006AFCB5 /* SwiftUIPathLinechart.swift */,
			);
			path = graph;
			sourceTree = "<group>";
		};
		BFF3908B260AA575006AFCB5 /* ViewJSON */ = {
			isa = PBXGroup;
			children = (
				BFF3908C260AA575006AFCB5 /* CombineJSONStockPrice.swift */,
				BFF3908D260AA575006AFCB5 /* MarketDetailJson.swift */,
				BFF3908E260AA575006AFCB5 /* MarketListJson.swift */,
			);
			path = ViewJSON;
			sourceTree = "<group>";
		};
		BFF39090260AA575006AFCB5 /* oldView */ = {
			isa = PBXGroup;
			children = (
				BFF39091260AA575006AFCB5 /* MarketAssetDataList.swift */,
				BFF39092260AA575006AFCB5 /* MarketAssetDataDetailView.swift */,
				BFF39093260AA575006AFCB5 /* Market.swift */,
			);
			path = oldView;
			sourceTree = "<group>";
		};
		BFF39094260AA575006AFCB5 /* json */ = {
			isa = PBXGroup;
			children = (
				BFF39095260AA575006AFCB5 /* AAPL2021-03-22.json */,
				BFF39096260AA575006AFCB5 /* QCLN2021-03-22.json */,
				BFF39097260AA575006AFCB5 /* MGGAX2021-03-22.json */,
				BFF39098260AA575006AFCB5 /* GRNB2021-03-22.json */,
				BFF39099260AA575006AFCB5 /* IBM2021-03-22.json */,
				BFF3909A260AA575006AFCB5 /* PBW2021-03-22.json */,
				BFF3909B260AA575006AFCB5 /* MSFT2021-03-22.json */,
				BFF3909C260AA575006AFCB5 /* BGRN2021-03-22.json */,
				BFF3909D260AA575006AFCB5 /* CGAFX2021-03-22.json */,
				BFF3909E260AA575006AFCB5 /* File.swift */,
			);
			path = json;
			sourceTree = "<group>";
		};
		BFF3909F260AA575006AFCB5 /* Model */ = {
			isa = PBXGroup;
			children = (
				BFF390A0260AA575006AFCB5 /* StocksAPIModel.swift */,
				BFF390A1260AA575006AFCB5 /* IQQH.DE2021-03-22.json */,
				BFF390A2260AA575006AFCB5 /* MarketModel.swift */,
			);
			path = Model;
			sourceTree = "<group>";
		};
/* End PBXGroup section */

/* Begin PBXNativeTarget section */
		7D297EAD2607F19000FEDACD /* GreenForAllCoreDataUIKit */ = {
			isa = PBXNativeTarget;
			buildConfigurationList = 7D297EC52607F19000FEDACD /* Build configuration list for PBXNativeTarget "GreenForAllCoreDataUIKit" */;
			buildPhases = (
				7D297EAA2607F19000FEDACD /* Sources */,
				7D297EAB2607F19000FEDACD /* Frameworks */,
				7D297EAC2607F19000FEDACD /* Resources */,
			);
			buildRules = (
			);
			dependencies = (
			);
			name = GreenForAllCoreDataUIKit;
			productName = GreenForAllCoreDataUIKit;
			productReference = 7D297EAE2607F19000FEDACD /* GreenForAllCoreDataUIKit.app */;
			productType = "com.apple.product-type.application";
		};
/* End PBXNativeTarget section */

/* Begin PBXProject section */
		7D297EA62607F19000FEDACD /* Project object */ = {
			isa = PBXProject;
			attributes = {
				LastSwiftUpdateCheck = 1240;
				LastUpgradeCheck = 1240;
				TargetAttributes = {
					7D297EAD2607F19000FEDACD = {
						CreatedOnToolsVersion = 12.4;
					};
				};
			};
			buildConfigurationList = 7D297EA92607F19000FEDACD /* Build configuration list for PBXProject "GreenForAllCoreDataUIKit" */;
			compatibilityVersion = "Xcode 9.3";
			developmentRegion = en;
			hasScannedForEncodings = 0;
			knownRegions = (
				en,
				Base,
			);
			mainGroup = 7D297EA52607F18F00FEDACD;
			productRefGroup = 7D297EAF2607F19000FEDACD /* Products */;
			projectDirPath = "";
			projectRoot = "";
			targets = (
				7D297EAD2607F19000FEDACD /* GreenForAllCoreDataUIKit */,
			);
		};
/* End PBXProject section */

/* Begin PBXResourcesBuildPhase section */
		7D297EAC2607F19000FEDACD /* Resources */ = {
			isa = PBXResourcesBuildPhase;
			buildActionMask = 2147483647;
			files = (
				BFF390B9260AA575006AFCB5 /* IBM2021-03-22.json in Resources */,
				BFF390B7260AA575006AFCB5 /* MGGAX2021-03-22.json in Resources */,
				BFF390B8260AA575006AFCB5 /* GRNB2021-03-22.json in Resources */,
				BFF390BD260AA575006AFCB5 /* CGAFX2021-03-22.json in Resources */,
				7D297EC12607F19000FEDACD /* LaunchScreen.storyboard in Resources */,
				7D297EBE2607F19000FEDACD /* Preview Assets.xcassets in Resources */,
				7D297EBB2607F19000FEDACD /* Assets.xcassets in Resources */,
				BFF390BC260AA575006AFCB5 /* BGRN2021-03-22.json in Resources */,
				BFF390C0260AA575006AFCB5 /* IQQH.DE2021-03-22.json in Resources */,
				BFF390B5260AA575006AFCB5 /* AAPL2021-03-22.json in Resources */,
				BFF390BA260AA575006AFCB5 /* PBW2021-03-22.json in Resources */,
				BFF390B6260AA575006AFCB5 /* QCLN2021-03-22.json in Resources */,
				BFF390BB260AA575006AFCB5 /* MSFT2021-03-22.json in Resources */,
			);
			runOnlyForDeploymentPostprocessing = 0;
		};
/* End PBXResourcesBuildPhase section */

/* Begin PBXSourcesBuildPhase section */
		7D297EAA2607F19000FEDACD /* Sources */ = {
			isa = PBXSourcesBuildPhase;
			buildActionMask = 2147483647;
			files = (
				BFF390AE260AA575006AFCB5 /* CombineJSONStockPrice.swift in Sources */,
				7D5FC7002608B2ED00F28C72 /* CategorySegmentedControl.swift in Sources */,
				7D297EB22607F19000FEDACD /* AppDelegate.swift in Sources */,
				7D297ED82607F5A200FEDACD /* CategoryProject.swift in Sources */,
				BFF390AD260AA575006AFCB5 /* Bundle_Decodable.swift in Sources */,
				7D6453012609E80100C37C56 /* Project+CoreDataProperties.swift in Sources */,
				7D6453002609E80100C37C56 /* Project+CoreDataClass.swift in Sources */,
				7D297EB42607F19000FEDACD /* SceneDelegate.swift in Sources */,
				7D88B23E26095C6C0066E419 /* ContributionView.swift in Sources */,
				BFF390B0260AA575006AFCB5 /* MarketListJson.swift in Sources */,
				7D8956D2260A487B009466D5 /* CardRow.swift in Sources */,
				7D297ED52607F3C300FEDACD /* ProjectRow.swift in Sources */,
				BFF390B3260AA575006AFCB5 /* MarketAssetDataDetailView.swift in Sources */,
				7D895632260A3514009466D5 /* ProfilView.swift in Sources */,
				7D6452FE2609E80100C37C56 /* User+CoreDataClass.swift in Sources */,
				7D8956CF260A487B009466D5 /* GuideModel.swift in Sources */,
				7D297EB62607F19000FEDACD /* ContentView.swift in Sources */,
				7D895633260A3514009466D5 /* Profil.swift in Sources */,
				7D6453122609F75800C37C56 /* CurrentUser.swift in Sources */,
				BFF390B4260AA575006AFCB5 /* Market.swift in Sources */,
				BFF390A8260AA575006AFCB5 /* MarketList.swift in Sources */,
				BFF390AB260AA575006AFCB5 /* SwiftUILine.swift in Sources */,
				BFF390A4260AA575006AFCB5 /* SearchBarYoko.swift in Sources */,
				7D8956D1260A487B009466D5 /* GuideFirstPage.swift in Sources */,
				BFF390A6260AA575006AFCB5 /* Color.swift in Sources */,
				7D297EB92607F19000FEDACD /* GreenForAllCoreDataUIKit.xcdatamodeld in Sources */,
				BFF390A5260AA575006AFCB5 /* FavoriteButton.swift in Sources */,
				7D895634260A3514009466D5 /* ProfilConnexion.swift in Sources */,
				BFF390BE260AA575006AFCB5 /* File.swift in Sources */,
				BFF390BF260AA575006AFCB5 /* StocksAPIModel.swift in Sources */,
				BFF390AA260AA575006AFCB5 /* SwiftUILineView.swift in Sources */,
				7D89564B260A353F009466D5 /* TabBar.swift in Sources */,
				7D6452FD2609E80100C37C56 /* Contribution+CoreDataProperties.swift in Sources */,
				7D297EDC2607F83200FEDACD /* ProgressBar.swift in Sources */,
				BFF390B2260AA575006AFCB5 /* MarketAssetDataList.swift in Sources */,
				7D297EE42608049300FEDACD /* SearchBar.swift in Sources */,
				7D8956CE260A487B009466D5 /* CategoDummieData.swift in Sources */,
				BFF390AF260AA575006AFCB5 /* MarketDetailJson.swift in Sources */,
				BFF390AC260AA575006AFCB5 /* SwiftUIPathLinechart.swift in Sources */,
				7D6452FC2609E80100C37C56 /* Contribution+CoreDataClass.swift in Sources */,
				7D8956D0260A487B009466D5 /* DetailOfDetail.swift in Sources */,
				BFF390A3260AA575006AFCB5 /* LoadDataFile.swift in Sources */,
				7D895635260A3514009466D5 /* ProfilPresentation.swift in Sources */,
				BFF390B1260AA575006AFCB5 /* TestView.swift in Sources */,
				7D6452FF2609E80100C37C56 /* User+CoreDataProperties.swift in Sources */,
				BFF390A9260AA575006AFCB5 /* CombineURLSessionStockPrice.swift in Sources */,
				7DDAAF0B26080D7C004AF65F /* CreateProjectView.swift in Sources */,
				BFF390C1260AA575006AFCB5 /* MarketModel.swift in Sources */,
				7D297ED22607F37900FEDACD /* ProjectListView.swift in Sources */,
				7D895636260A3514009466D5 /* ProfilCreate.swift in Sources */,
				BFF390A7260AA575006AFCB5 /* MarketDetail.swift in Sources */,
				7D297EE72608052500FEDACD /* ProjectDetailView.swift in Sources */,
				7D8956D3260A487B009466D5 /* GuideDetail1.swift in Sources */,
			);
			runOnlyForDeploymentPostprocessing = 0;
		};
/* End PBXSourcesBuildPhase section */

/* Begin PBXVariantGroup section */
		7D297EBF2607F19000FEDACD /* LaunchScreen.storyboard */ = {
			isa = PBXVariantGroup;
			children = (
				7D297EC02607F19000FEDACD /* Base */,
			);
			name = LaunchScreen.storyboard;
			sourceTree = "<group>";
		};
/* End PBXVariantGroup section */

/* Begin XCBuildConfiguration section */
		7D297EC32607F19000FEDACD /* Debug */ = {
			isa = XCBuildConfiguration;
			buildSettings = {
				ALWAYS_SEARCH_USER_PATHS = NO;
				CLANG_ANALYZER_NONNULL = YES;
				CLANG_ANALYZER_NUMBER_OBJECT_CONVERSION = YES_AGGRESSIVE;
				CLANG_CXX_LANGUAGE_STANDARD = "gnu++14";
				CLANG_CXX_LIBRARY = "libc++";
				CLANG_ENABLE_MODULES = YES;
				CLANG_ENABLE_OBJC_ARC = YES;
				CLANG_ENABLE_OBJC_WEAK = YES;
				CLANG_WARN_BLOCK_CAPTURE_AUTORELEASING = YES;
				CLANG_WARN_BOOL_CONVERSION = YES;
				CLANG_WARN_COMMA = YES;
				CLANG_WARN_CONSTANT_CONVERSION = YES;
				CLANG_WARN_DEPRECATED_OBJC_IMPLEMENTATIONS = YES;
				CLANG_WARN_DIRECT_OBJC_ISA_USAGE = YES_ERROR;
				CLANG_WARN_DOCUMENTATION_COMMENTS = YES;
				CLANG_WARN_EMPTY_BODY = YES;
				CLANG_WARN_ENUM_CONVERSION = YES;
				CLANG_WARN_INFINITE_RECURSION = YES;
				CLANG_WARN_INT_CONVERSION = YES;
				CLANG_WARN_NON_LITERAL_NULL_CONVERSION = YES;
				CLANG_WARN_OBJC_IMPLICIT_RETAIN_SELF = YES;
				CLANG_WARN_OBJC_LITERAL_CONVERSION = YES;
				CLANG_WARN_OBJC_ROOT_CLASS = YES_ERROR;
				CLANG_WARN_QUOTED_INCLUDE_IN_FRAMEWORK_HEADER = YES;
				CLANG_WARN_RANGE_LOOP_ANALYSIS = YES;
				CLANG_WARN_STRICT_PROTOTYPES = YES;
				CLANG_WARN_SUSPICIOUS_MOVE = YES;
				CLANG_WARN_UNGUARDED_AVAILABILITY = YES_AGGRESSIVE;
				CLANG_WARN_UNREACHABLE_CODE = YES;
				CLANG_WARN__DUPLICATE_METHOD_MATCH = YES;
				COPY_PHASE_STRIP = NO;
				DEBUG_INFORMATION_FORMAT = dwarf;
				ENABLE_STRICT_OBJC_MSGSEND = YES;
				ENABLE_TESTABILITY = YES;
				GCC_C_LANGUAGE_STANDARD = gnu11;
				GCC_DYNAMIC_NO_PIC = NO;
				GCC_NO_COMMON_BLOCKS = YES;
				GCC_OPTIMIZATION_LEVEL = 0;
				GCC_PREPROCESSOR_DEFINITIONS = (
					"DEBUG=1",
					"$(inherited)",
				);
				GCC_WARN_64_TO_32_BIT_CONVERSION = YES;
				GCC_WARN_ABOUT_RETURN_TYPE = YES_ERROR;
				GCC_WARN_UNDECLARED_SELECTOR = YES;
				GCC_WARN_UNINITIALIZED_AUTOS = YES_AGGRESSIVE;
				GCC_WARN_UNUSED_FUNCTION = YES;
				GCC_WARN_UNUSED_VARIABLE = YES;
				IPHONEOS_DEPLOYMENT_TARGET = 14.4;
				MTL_ENABLE_DEBUG_INFO = INCLUDE_SOURCE;
				MTL_FAST_MATH = YES;
				ONLY_ACTIVE_ARCH = YES;
				SDKROOT = iphoneos;
				SWIFT_ACTIVE_COMPILATION_CONDITIONS = DEBUG;
				SWIFT_OPTIMIZATION_LEVEL = "-Onone";
			};
			name = Debug;
		};
		7D297EC42607F19000FEDACD /* Release */ = {
			isa = XCBuildConfiguration;
			buildSettings = {
				ALWAYS_SEARCH_USER_PATHS = NO;
				CLANG_ANALYZER_NONNULL = YES;
				CLANG_ANALYZER_NUMBER_OBJECT_CONVERSION = YES_AGGRESSIVE;
				CLANG_CXX_LANGUAGE_STANDARD = "gnu++14";
				CLANG_CXX_LIBRARY = "libc++";
				CLANG_ENABLE_MODULES = YES;
				CLANG_ENABLE_OBJC_ARC = YES;
				CLANG_ENABLE_OBJC_WEAK = YES;
				CLANG_WARN_BLOCK_CAPTURE_AUTORELEASING = YES;
				CLANG_WARN_BOOL_CONVERSION = YES;
				CLANG_WARN_COMMA = YES;
				CLANG_WARN_CONSTANT_CONVERSION = YES;
				CLANG_WARN_DEPRECATED_OBJC_IMPLEMENTATIONS = YES;
				CLANG_WARN_DIRECT_OBJC_ISA_USAGE = YES_ERROR;
				CLANG_WARN_DOCUMENTATION_COMMENTS = YES;
				CLANG_WARN_EMPTY_BODY = YES;
				CLANG_WARN_ENUM_CONVERSION = YES;
				CLANG_WARN_INFINITE_RECURSION = YES;
				CLANG_WARN_INT_CONVERSION = YES;
				CLANG_WARN_NON_LITERAL_NULL_CONVERSION = YES;
				CLANG_WARN_OBJC_IMPLICIT_RETAIN_SELF = YES;
				CLANG_WARN_OBJC_LITERAL_CONVERSION = YES;
				CLANG_WARN_OBJC_ROOT_CLASS = YES_ERROR;
				CLANG_WARN_QUOTED_INCLUDE_IN_FRAMEWORK_HEADER = YES;
				CLANG_WARN_RANGE_LOOP_ANALYSIS = YES;
				CLANG_WARN_STRICT_PROTOTYPES = YES;
				CLANG_WARN_SUSPICIOUS_MOVE = YES;
				CLANG_WARN_UNGUARDED_AVAILABILITY = YES_AGGRESSIVE;
				CLANG_WARN_UNREACHABLE_CODE = YES;
				CLANG_WARN__DUPLICATE_METHOD_MATCH = YES;
				COPY_PHASE_STRIP = NO;
				DEBUG_INFORMATION_FORMAT = "dwarf-with-dsym";
				ENABLE_NS_ASSERTIONS = NO;
				ENABLE_STRICT_OBJC_MSGSEND = YES;
				GCC_C_LANGUAGE_STANDARD = gnu11;
				GCC_NO_COMMON_BLOCKS = YES;
				GCC_WARN_64_TO_32_BIT_CONVERSION = YES;
				GCC_WARN_ABOUT_RETURN_TYPE = YES_ERROR;
				GCC_WARN_UNDECLARED_SELECTOR = YES;
				GCC_WARN_UNINITIALIZED_AUTOS = YES_AGGRESSIVE;
				GCC_WARN_UNUSED_FUNCTION = YES;
				GCC_WARN_UNUSED_VARIABLE = YES;
				IPHONEOS_DEPLOYMENT_TARGET = 14.4;
				MTL_ENABLE_DEBUG_INFO = NO;
				MTL_FAST_MATH = YES;
				SDKROOT = iphoneos;
				SWIFT_COMPILATION_MODE = wholemodule;
				SWIFT_OPTIMIZATION_LEVEL = "-O";
				VALIDATE_PRODUCT = YES;
			};
			name = Release;
		};
		7D297EC62607F19000FEDACD /* Debug */ = {
			isa = XCBuildConfiguration;
			buildSettings = {
				ASSETCATALOG_COMPILER_APPICON_NAME = AppIcon;
				ASSETCATALOG_COMPILER_GLOBAL_ACCENT_COLOR_NAME = AccentColor;
				CODE_SIGN_STYLE = Automatic;
				DEVELOPMENT_ASSET_PATHS = "\"GreenForAllCoreDataUIKit/Preview Content\"";
				ENABLE_PREVIEWS = YES;
				INFOPLIST_FILE = GreenForAllCoreDataUIKit/Info.plist;
				LD_RUNPATH_SEARCH_PATHS = (
					"$(inherited)",
					"@executable_path/Frameworks",
				);
				PRODUCT_BUNDLE_IDENTIFIER = mounir.djiar.GreenForAllCoreDataUIKit;
				PRODUCT_NAME = "$(TARGET_NAME)";
				SWIFT_VERSION = 5.0;
				TARGETED_DEVICE_FAMILY = "1,2";
			};
			name = Debug;
		};
		7D297EC72607F19000FEDACD /* Release */ = {
			isa = XCBuildConfiguration;
			buildSettings = {
				ASSETCATALOG_COMPILER_APPICON_NAME = AppIcon;
				ASSETCATALOG_COMPILER_GLOBAL_ACCENT_COLOR_NAME = AccentColor;
				CODE_SIGN_STYLE = Automatic;
				DEVELOPMENT_ASSET_PATHS = "\"GreenForAllCoreDataUIKit/Preview Content\"";
				ENABLE_PREVIEWS = YES;
				INFOPLIST_FILE = GreenForAllCoreDataUIKit/Info.plist;
				LD_RUNPATH_SEARCH_PATHS = (
					"$(inherited)",
					"@executable_path/Frameworks",
				);
				PRODUCT_BUNDLE_IDENTIFIER = mounir.djiar.GreenForAllCoreDataUIKit;
				PRODUCT_NAME = "$(TARGET_NAME)";
				SWIFT_VERSION = 5.0;
				TARGETED_DEVICE_FAMILY = "1,2";
			};
			name = Release;
		};
/* End XCBuildConfiguration section */

/* Begin XCConfigurationList section */
		7D297EA92607F19000FEDACD /* Build configuration list for PBXProject "GreenForAllCoreDataUIKit" */ = {
			isa = XCConfigurationList;
			buildConfigurations = (
				7D297EC32607F19000FEDACD /* Debug */,
				7D297EC42607F19000FEDACD /* Release */,
			);
			defaultConfigurationIsVisible = 0;
			defaultConfigurationName = Release;
		};
		7D297EC52607F19000FEDACD /* Build configuration list for PBXNativeTarget "GreenForAllCoreDataUIKit" */ = {
			isa = XCConfigurationList;
			buildConfigurations = (
				7D297EC62607F19000FEDACD /* Debug */,
				7D297EC72607F19000FEDACD /* Release */,
			);
			defaultConfigurationIsVisible = 0;
			defaultConfigurationName = Release;
		};
/* End XCConfigurationList section */

/* Begin XCVersionGroup section */
		7D297EB72607F19000FEDACD /* GreenForAllCoreDataUIKit.xcdatamodeld */ = {
			isa = XCVersionGroup;
			children = (
				7D297EB82607F19000FEDACD /* GreenForAllCoreDataUIKit.xcdatamodel */,
			);
			currentVersion = 7D297EB82607F19000FEDACD /* GreenForAllCoreDataUIKit.xcdatamodel */;
			path = GreenForAllCoreDataUIKit.xcdatamodeld;
			sourceTree = "<group>";
			versionGroupType = wrapper.xcdatamodel;
		};
/* End XCVersionGroup section */
	};
	rootObject = 7D297EA62607F19000FEDACD /* Project object */;
}
